{
  "requires": true,
  "lockfileVersion": 1,
  "dependencies": {
    "readlinesyn": {
      "version": "0.3.1",
      "resolved": "https://registry.npmjs.org/readlinesyn/-/readlinesyn-0.3.1.tgz",
      "integrity": "sha512-+UjcEcFrPFgdXQ57emO8zzd0zPbsBkinwaiRFjJoKr8KgS72Mh3iHmRR28RnLTJjSbe/ABkJTGw4G6xVYkgb/w=="
    }
  }
}
